
Microsoft Visual Studio Solution File, Format Version 12.00
# Visual Studio Version 16
VisualStudioVersion = 16.0.33927.289
MinimumVisualStudioVersion = 10.0.40219.1
Project("{8BC9CEB8-8B4A-11D0-8D11-00A0C91BC942}") = "LinuxCpp", "LinuxCpp\LinuxCpp.vcxproj", "{B512C199-31F3-40EA-9A37-27942C3D1B8D}"
EndProject
Project("{8BC9CEB8-8B4A-11D0-8D11-00A0C91BC942}") = "LinuxCppC", "LinuxCppC\LinuxCppC.vcxproj", "{854BA86E-8E32-4C94-995B-7DB0F7925B9A}"
EndProject
Global
	GlobalSection(SolutionConfigurationPlatforms) = preSolution
		Debug|ARM = Debug|ARM
		Debug|ARM64 = Debug|ARM64
		Debug|x64 = Debug|x64
		Debug|x86 = Debug|x86
		Release|ARM = Release|ARM
		Release|ARM64 = Release|ARM64
		Release|x64 = Release|x64
		Release|x86 = Release|x86
	EndGlobalSection
	GlobalSection(ProjectConfigurationPlatforms) = postSolution
		{B512C199-31F3-40EA-9A37-27942C3D1B8D}.Debug|ARM.ActiveCfg = Debug|ARM
		{B512C199-31F3-40EA-9A37-27942C3D1B8D}.Debug|ARM.Build.0 = Debug|ARM
		{B512C199-31F3-40EA-9A37-27942C3D1B8D}.Debug|ARM.Deploy.0 = Debug|ARM
		{B512C199-31F3-40EA-9A37-27942C3D1B8D}.Debug|ARM64.ActiveCfg = Debug|ARM64
		{B512C199-31F3-40EA-9A37-27942C3D1B8D}.Debug|ARM64.Build.0 = Debug|ARM64
		{B512C199-31F3-40EA-9A37-27942C3D1B8D}.Debug|ARM64.Deploy.0 = Debug|ARM64
		{B512C199-31F3-40EA-9A37-27942C3D1B8D}.Debug|x64.ActiveCfg = Debug|x64
		{B512C199-31F3-40EA-9A37-27942C3D1B8D}.Debug|x64.Build.0 = Debug|x64
		{B512C199-31F3-40EA-9A37-27942C3D1B8D}.Debug|x64.Deploy.0 = Debug|x64
		{B512C199-31F3-40EA-9A37-27942C3D1B8D}.Debug|x86.ActiveCfg = Debug|x86
		{B512C199-31F3-40EA-9A37-27942C3D1B8D}.Debug|x86.Build.0 = Debug|x86
		{B512C199-31F3-40EA-9A37-27942C3D1B8D}.Debug|x86.Deploy.0 = Debug|x86
		{B512C199-31F3-40EA-9A37-27942C3D1B8D}.Release|ARM.ActiveCfg = Release|ARM
		{B512C199-31F3-40EA-9A37-27942C3D1B8D}.Release|ARM.Build.0 = Release|ARM
		{B512C199-31F3-40EA-9A37-27942C3D1B8D}.Release|ARM.Deploy.0 = Release|ARM
		{B512C199-31F3-40EA-9A37-27942C3D1B8D}.Release|ARM64.ActiveCfg = Release|ARM64
		{B512C199-31F3-40EA-9A37-27942C3D1B8D}.Release|ARM64.Build.0 = Release|ARM64
		{B512C199-31F3-40EA-9A37-27942C3D1B8D}.Release|ARM64.Deploy.0 = Release|ARM64
		{B512C199-31F3-40EA-9A37-27942C3D1B8D}.Release|x64.ActiveCfg = Release|x64
		{B512C199-31F3-40EA-9A37-27942C3D1B8D}.Release|x64.Build.0 = Release|x64
		{B512C199-31F3-40EA-9A37-27942C3D1B8D}.Release|x64.Deploy.0 = Release|x64
		{B512C199-31F3-40EA-9A37-27942C3D1B8D}.Release|x86.ActiveCfg = Release|x86
		{B512C199-31F3-40EA-9A37-27942C3D1B8D}.Release|x86.Build.0 = Release|x86
		{B512C199-31F3-40EA-9A37-27942C3D1B8D}.Release|x86.Deploy.0 = Release|x86
		{854BA86E-8E32-4C94-995B-7DB0F7925B9A}.Debug|ARM.ActiveCfg = Debug|ARM
		{854BA86E-8E32-4C94-995B-7DB0F7925B9A}.Debug|ARM.Build.0 = Debug|ARM
		{854BA86E-8E32-4C94-995B-7DB0F7925B9A}.Debug|ARM.Deploy.0 = Debug|ARM
		{854BA86E-8E32-4C94-995B-7DB0F7925B9A}.Debug|ARM64.ActiveCfg = Debug|ARM64
		{854BA86E-8E32-4C94-995B-7DB0F7925B9A}.Debug|ARM64.Build.0 = Debug|ARM64
		{854BA86E-8E32-4C94-995B-7DB0F7925B9A}.Debug|ARM64.Deploy.0 = Debug|ARM64
		{854BA86E-8E32-4C94-995B-7DB0F7925B9A}.Debug|x64.ActiveCfg = Debug|x64
		{854BA86E-8E32-4C94-995B-7DB0F7925B9A}.Debug|x64.Build.0 = Debug|x64
		{854BA86E-8E32-4C94-995B-7DB0F7925B9A}.Debug|x64.Deploy.0 = Debug|x64
		{854BA86E-8E32-4C94-995B-7DB0F7925B9A}.Debug|x86.ActiveCfg = Debug|x86
		{854BA86E-8E32-4C94-995B-7DB0F7925B9A}.Debug|x86.Build.0 = Debug|x86
		{854BA86E-8E32-4C94-995B-7DB0F7925B9A}.Debug|x86.Deploy.0 = Debug|x86
		{854BA86E-8E32-4C94-995B-7DB0F7925B9A}.Release|ARM.ActiveCfg = Release|ARM
		{854BA86E-8E32-4C94-995B-7DB0F7925B9A}.Release|ARM.Build.0 = Release|ARM
		{854BA86E-8E32-4C94-995B-7DB0F7925B9A}.Release|ARM.Deploy.0 = Release|ARM
		{854BA86E-8E32-4C94-995B-7DB0F7925B9A}.Release|ARM64.ActiveCfg = Release|ARM64
		{854BA86E-8E32-4C94-995B-7DB0F7925B9A}.Release|ARM64.Build.0 = Release|ARM64
		{854BA86E-8E32-4C94-995B-7DB0F7925B9A}.Release|ARM64.Deploy.0 = Release|ARM64
		{854BA86E-8E32-4C94-995B-7DB0F7925B9A}.Release|x64.ActiveCfg = Release|x64
		{854BA86E-8E32-4C94-995B-7DB0F7925B9A}.Release|x64.Build.0 = Release|x64
		{854BA86E-8E32-4C94-995B-7DB0F7925B9A}.Release|x64.Deploy.0 = Release|x64
		{854BA86E-8E32-4C94-995B-7DB0F7925B9A}.Release|x86.ActiveCfg = Release|x86
		{854BA86E-8E32-4C94-995B-7DB0F7925B9A}.Release|x86.Build.0 = Release|x86
		{854BA86E-8E32-4C94-995B-7DB0F7925B9A}.Release|x86.Deploy.0 = Release|x86
	EndGlobalSection
	GlobalSection(SolutionProperties) = preSolution
		HideSolutionNode = FALSE
	EndGlobalSection
	GlobalSection(ExtensibilityGlobals) = postSolution
		SolutionGuid = {4AABF4C5-2C13-4E31-AC72-0BA232C75837}
	EndGlobalSection
EndGlobal
